
Microsoft Visual Studio Solution File, Format Version 12.00
# Visual Studio Version 17
VisualStudioVersion = 17.3.32929.385
MinimumVisualStudioVersion = 10.0.40219.1
Project("{FAE04EC0-301F-11D3-BF4B-00C04F79EFBC}") = "WiresharkUnivariedDistribution", "WiresharkUnivariedDistribution\WiresharkUnivariedDistribution.csproj", "{B337A2D5-36B8-43C8-97D1-E612B555422B}"
EndProject
Global
	GlobalSection(SolutionConfigurationPlatforms) = preSolution
		Debug|Any CPU = Debug|Any CPU
		Release|Any CPU = Release|Any CPU
	EndGlobalSection
	GlobalSection(ProjectConfigurationPlatforms) = postSolution
		{B337A2D5-36B8-43C8-97D1-E612B555422B}.Debug|Any CPU.ActiveCfg = Debug|Any CPU
		{B337A2D5-36B8-43C8-97D1-E612B555422B}.Debug|Any CPU.Build.0 = Debug|Any CPU
		{B337A2D5-36B8-43C8-97D1-E612B555422B}.Release|Any CPU.ActiveCfg = Release|Any CPU
		{B337A2D5-36B8-43C8-97D1-E612B555422B}.Release|Any CPU.Build.0 = Release|Any CPU
	EndGlobalSection
	GlobalSection(SolutionProperties) = preSolution
		HideSolutionNode = FALSE
	EndGlobalSection
	GlobalSection(ExtensibilityGlobals) = postSolution
		SolutionGuid = {B934B76D-8B69-4283-97A6-4A49EE87059C}
	EndGlobalSection
EndGlobal
